github.com/klauspost/compress v1.10.11 h1:K9z59aO18Aywg2b/WSgBaUX99mHy2BES18Cr5lBKZHk=
github.com/klauspost/compress v1.10.11/go.mod h1:aoV0uJVorq1K+umq18yTdKaF57EivdYsUV+/s2qKfXs=
github.com/spf13/pflag v1.0.5 h1:iy+VFUOCP1a+8yFto/drg2CJ5u0yRoB7fZw3DKv/JXA=
github.com/spf13/pflag v1.0.5/go.mod h1:McXfInJRrz4CZXVZOBLb0bTZqETkiAhM9Iw0y3An2Bg=
